{
  "name": "harcon-flow",
  "version": "2.5.0",
  "lockfileVersion": 1,
  "requires": true,
  "dependencies": {
    "assign.js": {
      "version": "2.8.0",
      "resolved": "https://registry.npmjs.org/assign.js/-/assign.js-2.8.0.tgz",
      "integrity": "sha512-jb5/BmQLZU+aRNxwGDVjjvwqU4fewVrkVOJ95+8fziB8Bq7e+Lgquqp784i/dfQkMm1oBEG8L+NhMiTPSmeqQg==",
      "requires": {
        "isa.js": "2.2.0"
      }
    },
    "isa.js": {
      "version": "2.2.0",
      "resolved": "https://registry.npmjs.org/isa.js/-/isa.js-2.2.0.tgz",
      "integrity": "sha512-vsNXYtTui8/XxANdTe7W+82VKJPmRZ7Hn8jzf/X5tMnJtW/2g+zvfKybPQolvfIDo0nW0rs6x63qh/y2VHqycg=="
    }
  }
}
